
Microsoft Visual Studio Solution File, Format Version 12.00
# Visual Studio Version 17
VisualStudioVersion = 17.7.34221.43
MinimumVisualStudioVersion = 10.0.40219.1
Project("{FAE04EC0-301F-11D3-BF4B-00C04F79EFBC}") = "Fitness_App", "Fitness_App.csproj", "{467F69C9-E525-4848-A2B1-F51E175EB147}"
EndProject
Global
	GlobalSection(SolutionConfigurationPlatforms) = preSolution
		Debug|Any CPU = Debug|Any CPU
		Release|Any CPU = Release|Any CPU
	EndGlobalSection
	GlobalSection(ProjectConfigurationPlatforms) = postSolution
		{467F69C9-E525-4848-A2B1-F51E175EB147}.Debug|Any CPU.ActiveCfg = Debug|Any CPU
		{467F69C9-E525-4848-A2B1-F51E175EB147}.Debug|Any CPU.Build.0 = Debug|Any CPU
		{467F69C9-E525-4848-A2B1-F51E175EB147}.Release|Any CPU.ActiveCfg = Release|Any CPU
		{467F69C9-E525-4848-A2B1-F51E175EB147}.Release|Any CPU.Build.0 = Release|Any CPU
	EndGlobalSection
	GlobalSection(SolutionProperties) = preSolution
		HideSolutionNode = FALSE
	EndGlobalSection
	GlobalSection(ExtensibilityGlobals) = postSolution
		SolutionGuid = {4F684428-1E77-4BEF-B7E4-90BF0759AA94}
	EndGlobalSection
EndGlobal
